// !$*UTF8*$!
{
	archiveVersion = 1;
	classes = {
	};
	objectVersion = 46;
	objects = {

/* Begin PBXBuildFile section */
		DBD5286F1BF4931B00BA3E7C /* AppDelegate.swift in Sources */ = {isa = PBXBuildFile; fileRef = DBD5286E1BF4931B00BA3E7C /* AppDelegate.swift */; };
		DBD528711BF4931B00BA3E7C /* ViewController.swift in Sources */ = {isa = PBXBuildFile; fileRef = DBD528701BF4931B00BA3E7C /* ViewController.swift */; };
		DBD528741BF4931B00BA3E7C /* Main.storyboard in Resources */ = {isa = PBXBuildFile; fileRef = DBD528721BF4931B00BA3E7C /* Main.storyboard */; };
		DBD528761BF4931B00BA3E7C /* Assets.xcassets in Resources */ = {isa = PBXBuildFile; fileRef = DBD528751BF4931B00BA3E7C /* Assets.xcassets */; };
		DBD528791BF4931B00BA3E7C /* LaunchScreen.storyboard in Resources */ = {isa = PBXBuildFile; fileRef = DBD528771BF4931B00BA3E7C /* LaunchScreen.storyboard */; };
/* End PBXBuildFile section */

/* Begin PBXFileReference section */
		DBD5286B1BF4931B00BA3E7C /* techHealthKit.app */ = {isa = PBXFileReference; explicitFileType = wrapper.application; includeInIndex = 0; path = techHealthKit.app; sourceTree = BUILT_PRODUCTS_DIR; };
		DBD5286E1BF4931B00BA3E7C /* AppDelegate.swift */ = {isa = PBXFileReference; lastKnownFileType = sourcecode.swift; path = AppDelegate.swift; sourceTree = "<group>"; };
		DBD528701BF4931B00BA3E7C /* ViewController.swift */ = {isa = PBXFileReference; lastKnownFileType = sourcecode.swift; path = ViewController.swift; sourceTree = "<group>"; };
		DBD528731BF4931B00BA3E7C /* Base */ = {isa = PBXFileReference; lastKnownFileType = file.storyboard; name = Base; path = Base.lproj/Main.storyboard; sourceTree = "<group>"; };
		DBD528751BF4931B00BA3E7C /* Assets.xcassets */ = {isa = PBXFileReference; lastKnownFileType = folder.assetcatalog; path = Assets.xcassets; sourceTree = "<group>"; };
		DBD528781BF4931B00BA3E7C /* Base */ = {isa = PBXFileReference; lastKnownFileType = file.storyboard; name = Base; path = Base.lproj/LaunchScreen.storyboard; sourceTree = "<group>"; };
		DBD5287A1BF4931B00BA3E7C /* Info.plist */ = {isa = PBXFileReference; lastKnownFileType = text.plist.xml; path = Info.plist; sourceTree = "<group>"; };
/* End PBXFileReference section */

/* Begin PBXFrameworksBuildPhase section */
		DBD528681BF4931B00BA3E7C /* Frameworks */ = {
			isa = PBXFrameworksBuildPhase;
			buildActionMask = 2147483647;
			files = (
			);
			runOnlyForDeploymentPostprocessing = 0;
		};
/* End PBXFrameworksBuildPhase section */

/* Begin PBXGroup section */
		DBD528621BF4931B00BA3E7C = {
			isa = PBXGroup;
			children = (
				DBD5286D1BF4931B00BA3E7C /* techHealthKit */,
				DBD5286C1BF4931B00BA3E7C /* Products */,
			);
			sourceTree = "<group>";
		};
		DBD5286C1BF4931B00BA3E7C /* Products */ = {
			isa = PBXGroup;
			children = (
				DBD5286B1BF4931B00BA3E7C /* techHealthKit.app */,
			);
			name = Products;
			sourceTree = "<group>";
		};
		DBD5286D1BF4931B00BA3E7C /* techHealthKit */ = {
			isa = PBXGroup;
			children = (
				DBD5286E1BF4931B00BA3E7C /* AppDelegate.swift */,
				DBD528701BF4931B00BA3E7C /* ViewController.swift */,
				DBD528721BF4931B00BA3E7C /* Main.storyboard */,
				DBD528751BF4931B00BA3E7C /* Assets.xcassets */,
				DBD528771BF4931B00BA3E7C /* LaunchScreen.storyboard */,
				DBD5287A1BF4931B00BA3E7C /* Info.plist */,
			);
			path = techHealthKit;
			sourceTree = "<group>";
		};
/* End PBXGroup section */

/* Begin PBXNativeTarget section */
		DBD5286A1BF4931B00BA3E7C /* techHealthKit */ = {
			isa = PBXNativeTarget;
			buildConfigurationList = DBD5287D1BF4931B00BA3E7C /* Build configuration list for PBXNativeTarget "techHealthKit" */;
			buildPhases = (
				DBD528671BF4931B00BA3E7C /* Sources */,
				DBD528681BF4931B00BA3E7C /* Frameworks */,
				DBD528691BF4931B00BA3E7C /* Resources */,
			);
			buildRules = (
			);
			dependencies = (
			);
			name = techHealthKit;
			productName = techHealthKit;
			productReference = DBD5286B1BF4931B00BA3E7C /* techHealthKit.app */;
			productType = "com.apple.product-type.application";
		};
/* End PBXNativeTarget section */

/* Begin PBXProject section */
		DBD528631BF4931B00BA3E7C /* Project object */ = {
			isa = PBXProject;
			attributes = {
				LastSwiftUpdateCheck = 0710;
				LastUpgradeCheck = 0710;
				ORGANIZATIONNAME = "Anatoly Konkin";
				TargetAttributes = {
					DBD5286A1BF4931B00BA3E7C = {
						CreatedOnToolsVersion = 7.1.1;
					};
				};
			};
			buildConfigurationList = DBD528661BF4931B00BA3E7C /* Build configuration list for PBXProject "techHealthKit" */;
			compatibilityVersion = "Xcode 3.2";
			developmentRegion = English;
			hasScannedForEncodings = 0;
			knownRegions = (
				en,
				Base,
			);
			mainGroup = DBD528621BF4931B00BA3E7C;
			productRefGroup = DBD5286C1BF4931B00BA3E7C /* Products */;
			projectDirPath = "";
			projectRoot = "";
			targets = (
				DBD5286A1BF4931B00BA3E7C /* techHealthKit */,
			);
		};
/* End PBXProject section */

/* Begin PBXResourcesBuildPhase section */
		DBD528691BF4931B00BA3E7C /* Resources */ = {
			isa = PBXResourcesBuildPhase;
			buildActionMask = 2147483647;
			files = (
				DBD528791BF4931B00BA3E7C /* LaunchScreen.storyboard in Resources */,
				DBD528761BF4931B00BA3E7C /* Assets.xcassets in Resources */,
				DBD528741BF4931B00BA3E7C /* Main.storyboard in Resources */,
			);
			runOnlyForDeploymentPostprocessing = 0;
		};
/* End PBXResourcesBuildPhase section */

/* Begin PBXSourcesBuildPhase section */
		DBD528671BF4931B00BA3E7C /* Sources */ = {
			isa = PBXSourcesBuildPhase;
			buildActionMask = 2147483647;
			files = (
				DBD528711BF4931B00BA3E7C /* ViewController.swift in Sources */,
				DBD5286F1BF4931B00BA3E7C /* AppDelegate.swift in Sources */,
			);
			runOnlyForDeploymentPostprocessing = 0;
		};
/* End PBXSourcesBuildPhase section */

/* Begin PBXVariantGroup section */
		DBD528721BF4931B00BA3E7C /* Main.storyboard */ = {
			isa = PBXVariantGroup;
			children = (
				DBD528731BF4931B00BA3E7C /* Base */,
			);
			name = Main.storyboard;
			sourceTree = "<group>";
		};
		DBD528771BF4931B00BA3E7C /* LaunchScreen.storyboard */ = {
			isa = PBXVariantGroup;
			children = (
				DBD528781BF4931B00BA3E7C /* Base */,
			);
			name = LaunchScreen.storyboard;
			sourceTree = "<group>";
		};
/* End PBXVariantGroup section */

/* Begin XCBuildConfiguration section */
		DBD5287B1BF4931B00BA3E7C /* Debug */ = {
			isa = XCBuildConfiguration;
			buildSettings = {
				ALWAYS_SEARCH_USER_PATHS = NO;
				CLANG_CXX_LANGUAGE_STANDARD = "gnu++0x";
				CLANG_CXX_LIBRARY = "libc++";
				CLANG_ENABLE_MODULES = YES;
				CLANG_ENABLE_OBJC_ARC = YES;
				CLANG_WARN_BOOL_CONVERSION = YES;
				CLANG_WARN_CONSTANT_CONVERSION = YES;
				CLANG_WARN_DIRECT_OBJC_ISA_USAGE = YES_ERROR;
				CLANG_WARN_EMPTY_BODY = YES;
				CLANG_WARN_ENUM_CONVERSION = YES;
				CLANG_WARN_INT_CONVERSION = YES;
				CLANG_WARN_OBJC_ROOT_CLASS = YES_ERROR;
				CLANG_WARN_UNREACHABLE_CODE = YES;
				CLANG_WARN__DUPLICATE_METHOD_MATCH = YES;
				"CODE_SIGN_IDENTITY[sdk=iphoneos*]" = "iPhone Developer";
				COPY_PHASE_STRIP = NO;
				DEBUG_INFORMATION_FORMAT = dwarf;
				ENABLE_STRICT_OBJC_MSGSEND = YES;
				ENABLE_TESTABILITY = YES;
				GCC_C_LANGUAGE_STANDARD = gnu99;
				GCC_DYNAMIC_NO_PIC = NO;
				GCC_NO_COMMON_BLOCKS = YES;
				GCC_OPTIMIZATION_LEVEL = 0;
				GCC_PREPROCESSOR_DEFINITIONS = (
					"DEBUG=1",
					"$(inherited)",
				);
				GCC_WARN_64_TO_32_BIT_CONVERSION = YES;
				GCC_WARN_ABOUT_RETURN_TYPE = YES_ERROR;
				GCC_WARN_UNDECLARED_SELECTOR = YES;
				GCC_WARN_UNINITIALIZED_AUTOS = YES_AGGRESSIVE;
				GCC_WARN_UNUSED_FUNCTION = YES;
				GCC_WARN_UNUSED_VARIABLE = YES;
				IPHONEOS_DEPLOYMENT_TARGET = 9.1;
				MTL_ENABLE_DEBUG_INFO = YES;
				ONLY_ACTIVE_ARCH = YES;
				SDKROOT = iphoneos;
				SWIFT_OPTIMIZATION_LEVEL = "-Onone";
			};
			name = Debug;
		};
		DBD5287C1BF4931B00BA3E7C /* Release */ = {
			isa = XCBuildConfiguration;
			buildSettings = {
				ALWAYS_SEARCH_USER_PATHS = NO;
				CLANG_CXX_LANGUAGE_STANDARD = "gnu++0x";
				CLANG_CXX_LIBRARY = "libc++";
				CLANG_ENABLE_MODULES = YES;
				CLANG_ENABLE_OBJC_ARC = YES;
				CLANG_WARN_BOOL_CONVERSION = YES;
				CLANG_WARN_CONSTANT_CONVERSION = YES;
				CLANG_WARN_DIRECT_OBJC_ISA_USAGE = YES_ERROR;
				CLANG_WARN_EMPTY_BODY = YES;
				CLANG_WARN_ENUM_CONVERSION = YES;
				CLANG_WARN_INT_CONVERSION = YES;
				CLANG_WARN_OBJC_ROOT_CLASS = YES_ERROR;
				CLANG_WARN_UNREACHABLE_CODE = YES;
				CLANG_WARN__DUPLICATE_METHOD_MATCH = YES;
				"CODE_SIGN_IDENTITY[sdk=iphoneos*]" = "iPhone Developer";
				COPY_PHASE_STRIP = NO;
				DEBUG_INFORMATION_FORMAT = "dwarf-with-dsym";
				ENABLE_NS_ASSERTIONS = NO;
				ENABLE_STRICT_OBJC_MSGSEND = YES;
				GCC_C_LANGUAGE_STANDARD = gnu99;
				GCC_NO_COMMON_BLOCKS = YES;
				GCC_WARN_64_TO_32_BIT_CONVERSION = YES;
				GCC_WARN_ABOUT_RETURN_TYPE = YES_ERROR;
				GCC_WARN_UNDECLARED_SELECTOR = YES;
				GCC_WARN_UNINITIALIZED_AUTOS = YES_AGGRESSIVE;
				GCC_WARN_UNUSED_FUNCTION = YES;
				GCC_WARN_UNUSED_VARIABLE = YES;
				IPHONEOS_DEPLOYMENT_TARGET = 9.1;
				MTL_ENABLE_DEBUG_INFO = NO;
				SDKROOT = iphoneos;
				VALIDATE_PRODUCT = YES;
			};
			name = Release;
		};
		DBD5287E1BF4931B00BA3E7C /* Debug */ = {
			isa = XCBuildConfiguration;
			buildSettings = {
				ASSETCATALOG_COMPILER_APPICON_NAME = AppIcon;
				INFOPLIST_FILE = techHealthKit/Info.plist;
				LD_RUNPATH_SEARCH_PATHS = "$(inherited) @executable_path/Frameworks";
				PRODUCT_BUNDLE_IDENTIFIER = ru.techmas.techHealthKit;
				PRODUCT_NAME = "$(TARGET_NAME)";
			};
			name = Debug;
		};
		DBD5287F1BF4931B00BA3E7C /* Release */ = {
			isa = XCBuildConfiguration;
			buildSettings = {
				ASSETCATALOG_COMPILER_APPICON_NAME = AppIcon;
				INFOPLIST_FILE = techHealthKit/Info.plist;
				LD_RUNPATH_SEARCH_PATHS = "$(inherited) @executable_path/Frameworks";
				PRODUCT_BUNDLE_IDENTIFIER = ru.techmas.techHealthKit;
				PRODUCT_NAME = "$(TARGET_NAME)";
			};
			name = Release;
		};
/* End XCBuildConfiguration section */

/* Begin XCConfigurationList section */
		DBD528661BF4931B00BA3E7C /* Build configuration list for PBXProject "techHealthKit" */ = {
			isa = XCConfigurationList;
			buildConfigurations = (
				DBD5287B1BF4931B00BA3E7C /* Debug */,
				DBD5287C1BF4931B00BA3E7C /* Release */,
			);
			defaultConfigurationIsVisible = 0;
			defaultConfigurationName = Release;
		};
		DBD5287D1BF4931B00BA3E7C /* Build configuration list for PBXNativeTarget "techHealthKit" */ = {
			isa = XCConfigurationList;
			buildConfigurations = (
				DBD5287E1BF4931B00BA3E7C /* Debug */,
				DBD5287F1BF4931B00BA3E7C /* Release */,
			);
			defaultConfigurationIsVisible = 0;
		};
/* End XCConfigurationList section */
	};
	rootObject = DBD528631BF4931B00BA3E7C /* Project object */;
}
