// !$*UTF8*$!
{
	archiveVersion = 1;
	classes = {
	};
	objectVersion = 46;
	objects = {

/* Begin PBXBuildFile section */
		DB76DE621BEB58E0002546E6 /* AppDelegate.swift in Sources */ = {isa = PBXBuildFile; fileRef = DB76DE611BEB58E0002546E6 /* AppDelegate.swift */; };
		DB76DE641BEB58E0002546E6 /* ViewController.swift in Sources */ = {isa = PBXBuildFile; fileRef = DB76DE631BEB58E0002546E6 /* ViewController.swift */; };
		DB76DE671BEB58E0002546E6 /* Main.storyboard in Resources */ = {isa = PBXBuildFile; fileRef = DB76DE651BEB58E0002546E6 /* Main.storyboard */; };
		DB76DE691BEB58E0002546E6 /* Assets.xcassets in Resources */ = {isa = PBXBuildFile; fileRef = DB76DE681BEB58E0002546E6 /* Assets.xcassets */; };
		DB76DE6C1BEB58E0002546E6 /* LaunchScreen.storyboard in Resources */ = {isa = PBXBuildFile; fileRef = DB76DE6A1BEB58E0002546E6 /* LaunchScreen.storyboard */; };
		DB76DE751BEB5B11002546E6 /* HealthKit.framework in Frameworks */ = {isa = PBXBuildFile; fileRef = DB76DE741BEB5B11002546E6 /* HealthKit.framework */; };
/* End PBXBuildFile section */

/* Begin PBXFileReference section */
		DB76DE5E1BEB58E0002546E6 /* techHealth.app */ = {isa = PBXFileReference; explicitFileType = wrapper.application; includeInIndex = 0; path = techHealth.app; sourceTree = BUILT_PRODUCTS_DIR; };
		DB76DE611BEB58E0002546E6 /* AppDelegate.swift */ = {isa = PBXFileReference; lastKnownFileType = sourcecode.swift; path = AppDelegate.swift; sourceTree = "<group>"; };
		DB76DE631BEB58E0002546E6 /* ViewController.swift */ = {isa = PBXFileReference; lastKnownFileType = sourcecode.swift; path = ViewController.swift; sourceTree = "<group>"; };
		DB76DE661BEB58E0002546E6 /* Base */ = {isa = PBXFileReference; lastKnownFileType = file.storyboard; name = Base; path = Base.lproj/Main.storyboard; sourceTree = "<group>"; };
		DB76DE681BEB58E0002546E6 /* Assets.xcassets */ = {isa = PBXFileReference; lastKnownFileType = folder.assetcatalog; path = Assets.xcassets; sourceTree = "<group>"; };
		DB76DE6B1BEB58E0002546E6 /* Base */ = {isa = PBXFileReference; lastKnownFileType = file.storyboard; name = Base; path = Base.lproj/LaunchScreen.storyboard; sourceTree = "<group>"; };
		DB76DE6D1BEB58E1002546E6 /* Info.plist */ = {isa = PBXFileReference; lastKnownFileType = text.plist.xml; path = Info.plist; sourceTree = "<group>"; };
		DB76DE731BEB5B11002546E6 /* techHealth.entitlements */ = {isa = PBXFileReference; lastKnownFileType = text.xml; path = techHealth.entitlements; sourceTree = "<group>"; };
		DB76DE741BEB5B11002546E6 /* HealthKit.framework */ = {isa = PBXFileReference; lastKnownFileType = wrapper.framework; name = HealthKit.framework; path = System/Library/Frameworks/HealthKit.framework; sourceTree = SDKROOT; };
/* End PBXFileReference section */

/* Begin PBXFrameworksBuildPhase section */
		DB76DE5B1BEB58E0002546E6 /* Frameworks */ = {
			isa = PBXFrameworksBuildPhase;
			buildActionMask = 2147483647;
			files = (
				DB76DE751BEB5B11002546E6 /* HealthKit.framework in Frameworks */,
			);
			runOnlyForDeploymentPostprocessing = 0;
		};
/* End PBXFrameworksBuildPhase section */

/* Begin PBXGroup section */
		DB76DE551BEB58E0002546E6 = {
			isa = PBXGroup;
			children = (
				DB76DE741BEB5B11002546E6 /* HealthKit.framework */,
				DB76DE601BEB58E0002546E6 /* techHealth */,
				DB76DE5F1BEB58E0002546E6 /* Products */,
			);
			sourceTree = "<group>";
		};
		DB76DE5F1BEB58E0002546E6 /* Products */ = {
			isa = PBXGroup;
			children = (
				DB76DE5E1BEB58E0002546E6 /* techHealth.app */,
			);
			name = Products;
			sourceTree = "<group>";
		};
		DB76DE601BEB58E0002546E6 /* techHealth */ = {
			isa = PBXGroup;
			children = (
				DB76DE731BEB5B11002546E6 /* techHealth.entitlements */,
				DB76DE611BEB58E0002546E6 /* AppDelegate.swift */,
				DB76DE631BEB58E0002546E6 /* ViewController.swift */,
				DB76DE651BEB58E0002546E6 /* Main.storyboard */,
				DB76DE681BEB58E0002546E6 /* Assets.xcassets */,
				DB76DE6A1BEB58E0002546E6 /* LaunchScreen.storyboard */,
				DB76DE6D1BEB58E1002546E6 /* Info.plist */,
			);
			path = techHealth;
			sourceTree = "<group>";
		};
/* End PBXGroup section */

/* Begin PBXNativeTarget section */
		DB76DE5D1BEB58E0002546E6 /* techHealth */ = {
			isa = PBXNativeTarget;
			buildConfigurationList = DB76DE701BEB58E1002546E6 /* Build configuration list for PBXNativeTarget "techHealth" */;
			buildPhases = (
				DB76DE5A1BEB58E0002546E6 /* Sources */,
				DB76DE5B1BEB58E0002546E6 /* Frameworks */,
				DB76DE5C1BEB58E0002546E6 /* Resources */,
			);
			buildRules = (
			);
			dependencies = (
			);
			name = techHealth;
			productName = techHealth;
			productReference = DB76DE5E1BEB58E0002546E6 /* techHealth.app */;
			productType = "com.apple.product-type.application";
		};
/* End PBXNativeTarget section */

/* Begin PBXProject section */
		DB76DE561BEB58E0002546E6 /* Project object */ = {
			isa = PBXProject;
			attributes = {
				LastSwiftUpdateCheck = 0710;
				LastUpgradeCheck = 0710;
				ORGANIZATIONNAME = "Anatoly Konkin";
				TargetAttributes = {
					DB76DE5D1BEB58E0002546E6 = {
						CreatedOnToolsVersion = 7.1;
						DevelopmentTeam = 4786R8U72E;
						SystemCapabilities = {
							com.apple.HealthKit = {
								enabled = 1;
							};
						};
					};
				};
			};
			buildConfigurationList = DB76DE591BEB58E0002546E6 /* Build configuration list for PBXProject "techHealth" */;
			compatibilityVersion = "Xcode 3.2";
			developmentRegion = English;
			hasScannedForEncodings = 0;
			knownRegions = (
				en,
				Base,
			);
			mainGroup = DB76DE551BEB58E0002546E6;
			productRefGroup = DB76DE5F1BEB58E0002546E6 /* Products */;
			projectDirPath = "";
			projectRoot = "";
			targets = (
				DB76DE5D1BEB58E0002546E6 /* techHealth */,
			);
		};
/* End PBXProject section */

/* Begin PBXResourcesBuildPhase section */
		DB76DE5C1BEB58E0002546E6 /* Resources */ = {
			isa = PBXResourcesBuildPhase;
			buildActionMask = 2147483647;
			files = (
				DB76DE6C1BEB58E0002546E6 /* LaunchScreen.storyboard in Resources */,
				DB76DE691BEB58E0002546E6 /* Assets.xcassets in Resources */,
				DB76DE671BEB58E0002546E6 /* Main.storyboard in Resources */,
			);
			runOnlyForDeploymentPostprocessing = 0;
		};
/* End PBXResourcesBuildPhase section */

/* Begin PBXSourcesBuildPhase section */
		DB76DE5A1BEB58E0002546E6 /* Sources */ = {
			isa = PBXSourcesBuildPhase;
			buildActionMask = 2147483647;
			files = (
				DB76DE641BEB58E0002546E6 /* ViewController.swift in Sources */,
				DB76DE621BEB58E0002546E6 /* AppDelegate.swift in Sources */,
			);
			runOnlyForDeploymentPostprocessing = 0;
		};
/* End PBXSourcesBuildPhase section */

/* Begin PBXVariantGroup section */
		DB76DE651BEB58E0002546E6 /* Main.storyboard */ = {
			isa = PBXVariantGroup;
			children = (
				DB76DE661BEB58E0002546E6 /* Base */,
			);
			name = Main.storyboard;
			sourceTree = "<group>";
		};
		DB76DE6A1BEB58E0002546E6 /* LaunchScreen.storyboard */ = {
			isa = PBXVariantGroup;
			children = (
				DB76DE6B1BEB58E0002546E6 /* Base */,
			);
			name = LaunchScreen.storyboard;
			sourceTree = "<group>";
		};
/* End PBXVariantGroup section */

/* Begin XCBuildConfiguration section */
		DB76DE6E1BEB58E1002546E6 /* Debug */ = {
			isa = XCBuildConfiguration;
			buildSettings = {
				ALWAYS_SEARCH_USER_PATHS = NO;
				CLANG_CXX_LANGUAGE_STANDARD = "gnu++0x";
				CLANG_CXX_LIBRARY = "libc++";
				CLANG_ENABLE_MODULES = YES;
				CLANG_ENABLE_OBJC_ARC = YES;
				CLANG_WARN_BOOL_CONVERSION = YES;
				CLANG_WARN_CONSTANT_CONVERSION = YES;
				CLANG_WARN_DIRECT_OBJC_ISA_USAGE = YES_ERROR;
				CLANG_WARN_EMPTY_BODY = YES;
				CLANG_WARN_ENUM_CONVERSION = YES;
				CLANG_WARN_INT_CONVERSION = YES;
				CLANG_WARN_OBJC_ROOT_CLASS = YES_ERROR;
				CLANG_WARN_UNREACHABLE_CODE = YES;
				CLANG_WARN__DUPLICATE_METHOD_MATCH = YES;
				"CODE_SIGN_IDENTITY[sdk=iphoneos*]" = "iPhone Developer";
				COPY_PHASE_STRIP = NO;
				DEBUG_INFORMATION_FORMAT = dwarf;
				ENABLE_STRICT_OBJC_MSGSEND = YES;
				ENABLE_TESTABILITY = YES;
				GCC_C_LANGUAGE_STANDARD = gnu99;
				GCC_DYNAMIC_NO_PIC = NO;
				GCC_NO_COMMON_BLOCKS = YES;
				GCC_OPTIMIZATION_LEVEL = 0;
				GCC_PREPROCESSOR_DEFINITIONS = (
					"DEBUG=1",
					"$(inherited)",
				);
				GCC_WARN_64_TO_32_BIT_CONVERSION = YES;
				GCC_WARN_ABOUT_RETURN_TYPE = YES_ERROR;
				GCC_WARN_UNDECLARED_SELECTOR = YES;
				GCC_WARN_UNINITIALIZED_AUTOS = YES_AGGRESSIVE;
				GCC_WARN_UNUSED_FUNCTION = YES;
				GCC_WARN_UNUSED_VARIABLE = YES;
				IPHONEOS_DEPLOYMENT_TARGET = 9.1;
				MTL_ENABLE_DEBUG_INFO = YES;
				ONLY_ACTIVE_ARCH = YES;
				SDKROOT = iphoneos;
				SWIFT_OPTIMIZATION_LEVEL = "-Onone";
			};
			name = Debug;
		};
		DB76DE6F1BEB58E1002546E6 /* Release */ = {
			isa = XCBuildConfiguration;
			buildSettings = {
				ALWAYS_SEARCH_USER_PATHS = NO;
				CLANG_CXX_LANGUAGE_STANDARD = "gnu++0x";
				CLANG_CXX_LIBRARY = "libc++";
				CLANG_ENABLE_MODULES = YES;
				CLANG_ENABLE_OBJC_ARC = YES;
				CLANG_WARN_BOOL_CONVERSION = YES;
				CLANG_WARN_CONSTANT_CONVERSION = YES;
				CLANG_WARN_DIRECT_OBJC_ISA_USAGE = YES_ERROR;
				CLANG_WARN_EMPTY_BODY = YES;
				CLANG_WARN_ENUM_CONVERSION = YES;
				CLANG_WARN_INT_CONVERSION = YES;
				CLANG_WARN_OBJC_ROOT_CLASS = YES_ERROR;
				CLANG_WARN_UNREACHABLE_CODE = YES;
				CLANG_WARN__DUPLICATE_METHOD_MATCH = YES;
				"CODE_SIGN_IDENTITY[sdk=iphoneos*]" = "iPhone Developer";
				COPY_PHASE_STRIP = NO;
				DEBUG_INFORMATION_FORMAT = "dwarf-with-dsym";
				ENABLE_NS_ASSERTIONS = NO;
				ENABLE_STRICT_OBJC_MSGSEND = YES;
				GCC_C_LANGUAGE_STANDARD = gnu99;
				GCC_NO_COMMON_BLOCKS = YES;
				GCC_WARN_64_TO_32_BIT_CONVERSION = YES;
				GCC_WARN_ABOUT_RETURN_TYPE = YES_ERROR;
				GCC_WARN_UNDECLARED_SELECTOR = YES;
				GCC_WARN_UNINITIALIZED_AUTOS = YES_AGGRESSIVE;
				GCC_WARN_UNUSED_FUNCTION = YES;
				GCC_WARN_UNUSED_VARIABLE = YES;
				IPHONEOS_DEPLOYMENT_TARGET = 9.1;
				MTL_ENABLE_DEBUG_INFO = NO;
				SDKROOT = iphoneos;
				VALIDATE_PRODUCT = YES;
			};
			name = Release;
		};
		DB76DE711BEB58E1002546E6 /* Debug */ = {
			isa = XCBuildConfiguration;
			buildSettings = {
				ASSETCATALOG_COMPILER_APPICON_NAME = AppIcon;
				CODE_SIGN_ENTITLEMENTS = techHealth/techHealth.entitlements;
				CODE_SIGN_IDENTITY = "iPhone Developer";
				"CODE_SIGN_IDENTITY[sdk=iphoneos*]" = "iPhone Developer";
				INFOPLIST_FILE = techHealth/Info.plist;
				LD_RUNPATH_SEARCH_PATHS = "$(inherited) @executable_path/Frameworks";
				PRODUCT_BUNDLE_IDENTIFIER = ru.techmas.techHealth.techHealth;
				PRODUCT_NAME = "$(TARGET_NAME)";
				PROVISIONING_PROFILE = "";
			};
			name = Debug;
		};
		DB76DE721BEB58E1002546E6 /* Release */ = {
			isa = XCBuildConfiguration;
			buildSettings = {
				ASSETCATALOG_COMPILER_APPICON_NAME = AppIcon;
				CODE_SIGN_ENTITLEMENTS = techHealth/techHealth.entitlements;
				CODE_SIGN_IDENTITY = "iPhone Developer";
				"CODE_SIGN_IDENTITY[sdk=iphoneos*]" = "iPhone Developer";
				INFOPLIST_FILE = techHealth/Info.plist;
				LD_RUNPATH_SEARCH_PATHS = "$(inherited) @executable_path/Frameworks";
				PRODUCT_BUNDLE_IDENTIFIER = ru.techmas.techHealth.techHealth;
				PRODUCT_NAME = "$(TARGET_NAME)";
				PROVISIONING_PROFILE = "";
			};
			name = Release;
		};
/* End XCBuildConfiguration section */

/* Begin XCConfigurationList section */
		DB76DE591BEB58E0002546E6 /* Build configuration list for PBXProject "techHealth" */ = {
			isa = XCConfigurationList;
			buildConfigurations = (
				DB76DE6E1BEB58E1002546E6 /* Debug */,
				DB76DE6F1BEB58E1002546E6 /* Release */,
			);
			defaultConfigurationIsVisible = 0;
			defaultConfigurationName = Release;
		};
		DB76DE701BEB58E1002546E6 /* Build configuration list for PBXNativeTarget "techHealth" */ = {
			isa = XCConfigurationList;
			buildConfigurations = (
				DB76DE711BEB58E1002546E6 /* Debug */,
				DB76DE721BEB58E1002546E6 /* Release */,
			);
			defaultConfigurationIsVisible = 0;
		};
/* End XCConfigurationList section */
	};
	rootObject = DB76DE561BEB58E0002546E6 /* Project object */;
}
